
Microsoft Visual Studio Solution File, Format Version 12.00
# Visual Studio Version 17
VisualStudioVersion = 17.6.33801.468
MinimumVisualStudioVersion = 10.0.40219.1
Project("{FAE04EC0-301F-11D3-BF4B-00C04F79EFBC}") = "delegowanie zadań do funkcji nr 2", "delegowanie zadań do funkcji nr 2.csproj", "{24B4705A-3B58-4D68-A845-7ECB4C6DD048}"
EndProject
Global
	GlobalSection(SolutionConfigurationPlatforms) = preSolution
		Debug|Any CPU = Debug|Any CPU
		Release|Any CPU = Release|Any CPU
	EndGlobalSection
	GlobalSection(ProjectConfigurationPlatforms) = postSolution
		{24B4705A-3B58-4D68-A845-7ECB4C6DD048}.Debug|Any CPU.ActiveCfg = Debug|Any CPU
		{24B4705A-3B58-4D68-A845-7ECB4C6DD048}.Debug|Any CPU.Build.0 = Debug|Any CPU
		{24B4705A-3B58-4D68-A845-7ECB4C6DD048}.Release|Any CPU.ActiveCfg = Release|Any CPU
		{24B4705A-3B58-4D68-A845-7ECB4C6DD048}.Release|Any CPU.Build.0 = Release|Any CPU
	EndGlobalSection
	GlobalSection(SolutionProperties) = preSolution
		HideSolutionNode = FALSE
	EndGlobalSection
	GlobalSection(ExtensibilityGlobals) = postSolution
		SolutionGuid = {D813D775-84D0-4ECE-9858-41EB30C58705}
	EndGlobalSection
EndGlobal
